
Microsoft Visual Studio Solution File, Format Version 12.00
# Visual Studio Version 17
VisualStudioVersion = 17.11.35222.181
MinimumVisualStudioVersion = 10.0.40219.1
Project("{FAE04EC0-301F-11D3-BF4B-00C04F79EFBC}") = "task3", "task3.csproj", "{2DDE27A9-C4BB-42E3-B46A-79D9E3E31855}"
EndProject
Global
	GlobalSection(SolutionConfigurationPlatforms) = preSolution
		Debug|Any CPU = Debug|Any CPU
		Release|Any CPU = Release|Any CPU
	EndGlobalSection
	GlobalSection(ProjectConfigurationPlatforms) = postSolution
		{2DDE27A9-C4BB-42E3-B46A-79D9E3E31855}.Debug|Any CPU.ActiveCfg = Debug|Any CPU
		{2DDE27A9-C4BB-42E3-B46A-79D9E3E31855}.Debug|Any CPU.Build.0 = Debug|Any CPU
		{2DDE27A9-C4BB-42E3-B46A-79D9E3E31855}.Release|Any CPU.ActiveCfg = Release|Any CPU
		{2DDE27A9-C4BB-42E3-B46A-79D9E3E31855}.Release|Any CPU.Build.0 = Release|Any CPU
	EndGlobalSection
	GlobalSection(SolutionProperties) = preSolution
		HideSolutionNode = FALSE
	EndGlobalSection
	GlobalSection(ExtensibilityGlobals) = postSolution
		SolutionGuid = {6D532EF8-4F0F-4E0B-96F4-10457DCA56FB}
	EndGlobalSection
EndGlobal
