
Microsoft Visual Studio Solution File, Format Version 12.00
# Visual Studio Version 17
VisualStudioVersion = 17.11.35222.181
MinimumVisualStudioVersion = 10.0.40219.1
Project("{FAE04EC0-301F-11D3-BF4B-00C04F79EFBC}") = "task02", "task02.csproj", "{404A3D0A-B1FD-432E-AA72-E1DA7D7DE82E}"
EndProject
Global
	GlobalSection(SolutionConfigurationPlatforms) = preSolution
		Debug|Any CPU = Debug|Any CPU
		Release|Any CPU = Release|Any CPU
	EndGlobalSection
	GlobalSection(ProjectConfigurationPlatforms) = postSolution
		{404A3D0A-B1FD-432E-AA72-E1DA7D7DE82E}.Debug|Any CPU.ActiveCfg = Debug|Any CPU
		{404A3D0A-B1FD-432E-AA72-E1DA7D7DE82E}.Debug|Any CPU.Build.0 = Debug|Any CPU
		{404A3D0A-B1FD-432E-AA72-E1DA7D7DE82E}.Release|Any CPU.ActiveCfg = Release|Any CPU
		{404A3D0A-B1FD-432E-AA72-E1DA7D7DE82E}.Release|Any CPU.Build.0 = Release|Any CPU
	EndGlobalSection
	GlobalSection(SolutionProperties) = preSolution
		HideSolutionNode = FALSE
	EndGlobalSection
	GlobalSection(ExtensibilityGlobals) = postSolution
		SolutionGuid = {115CF0D4-BE8C-4A63-A13B-C88EFED7D7CF}
	EndGlobalSection
EndGlobal
