
Microsoft Visual Studio Solution File, Format Version 12.00
# Visual Studio Version 17
VisualStudioVersion = 17.11.35222.181
MinimumVisualStudioVersion = 10.0.40219.1
Project("{FAE04EC0-301F-11D3-BF4B-00C04F79EFBC}") = "task7_2", "task7_2.csproj", "{9F8B7F74-61B1-44C8-BECC-CE5271C8B219}"
EndProject
Global
	GlobalSection(SolutionConfigurationPlatforms) = preSolution
		Debug|Any CPU = Debug|Any CPU
		Release|Any CPU = Release|Any CPU
	EndGlobalSection
	GlobalSection(ProjectConfigurationPlatforms) = postSolution
		{9F8B7F74-61B1-44C8-BECC-CE5271C8B219}.Debug|Any CPU.ActiveCfg = Debug|Any CPU
		{9F8B7F74-61B1-44C8-BECC-CE5271C8B219}.Debug|Any CPU.Build.0 = Debug|Any CPU
		{9F8B7F74-61B1-44C8-BECC-CE5271C8B219}.Release|Any CPU.ActiveCfg = Release|Any CPU
		{9F8B7F74-61B1-44C8-BECC-CE5271C8B219}.Release|Any CPU.Build.0 = Release|Any CPU
	EndGlobalSection
	GlobalSection(SolutionProperties) = preSolution
		HideSolutionNode = FALSE
	EndGlobalSection
	GlobalSection(ExtensibilityGlobals) = postSolution
		SolutionGuid = {A14886F3-2695-4EDA-9A42-3DD234B35FC3}
	EndGlobalSection
EndGlobal
